// !$*UTF8*$!
{
	archiveVersion = 1;
	classes = {
	};
	objectVersion = 56;
	objects = {

/* Begin PBXBuildFile section */
		4AA616242C4F04350077051E /* WeeCompanyAppApp.swift in Sources */ = {isa = PBXBuildFile; fileRef = 4AA616232C4F04350077051E /* WeeCompanyAppApp.swift */; };
		4AA616262C4F04350077051E /* ContentView.swift in Sources */ = {isa = PBXBuildFile; fileRef = 4AA616252C4F04350077051E /* ContentView.swift */; };
		4AA616282C4F04360077051E /* Assets.xcassets in Resources */ = {isa = PBXBuildFile; fileRef = 4AA616272C4F04360077051E /* Assets.xcassets */; };
		4AA6162B2C4F04360077051E /* Preview Assets.xcassets in Resources */ = {isa = PBXBuildFile; fileRef = 4AA6162A2C4F04360077051E /* Preview Assets.xcassets */; };
		4AA616322C5000D00077051E /* CountryModel.swift in Sources */ = {isa = PBXBuildFile; fileRef = 4AA616312C5000D00077051E /* CountryModel.swift */; };
		4AA616382C5025D80077051E /* NavigationRouter.swift in Sources */ = {isa = PBXBuildFile; fileRef = 4AA616372C5025D80077051E /* NavigationRouter.swift */; };
		4AA6163A2C502A8A0077051E /* CountryListView.swift in Sources */ = {isa = PBXBuildFile; fileRef = 4AA616392C502A8A0077051E /* CountryListView.swift */; };
		4AA6163C2C502AAC0077051E /* CountrySearchView.swift in Sources */ = {isa = PBXBuildFile; fileRef = 4AA6163B2C502AAC0077051E /* CountrySearchView.swift */; };
		4AA6163E2C502EEF0077051E /* CountryViewModel.swift in Sources */ = {isa = PBXBuildFile; fileRef = 4AA6163D2C502EEF0077051E /* CountryViewModel.swift */; };
		4AA616402C50377A0077051E /* CountryItemView.swift in Sources */ = {isa = PBXBuildFile; fileRef = 4AA6163F2C50377A0077051E /* CountryItemView.swift */; };
		4AA616442C5077650077051E /* CountryDetailView.swift in Sources */ = {isa = PBXBuildFile; fileRef = 4AA616432C5077650077051E /* CountryDetailView.swift */; };
/* End PBXBuildFile section */

/* Begin PBXFileReference section */
		4AA616202C4F04350077051E /* WeeCompanyApp.app */ = {isa = PBXFileReference; explicitFileType = wrapper.application; includeInIndex = 0; path = WeeCompanyApp.app; sourceTree = BUILT_PRODUCTS_DIR; };
		4AA616232C4F04350077051E /* WeeCompanyAppApp.swift */ = {isa = PBXFileReference; lastKnownFileType = sourcecode.swift; path = WeeCompanyAppApp.swift; sourceTree = "<group>"; };
		4AA616252C4F04350077051E /* ContentView.swift */ = {isa = PBXFileReference; lastKnownFileType = sourcecode.swift; path = ContentView.swift; sourceTree = "<group>"; };
		4AA616272C4F04360077051E /* Assets.xcassets */ = {isa = PBXFileReference; lastKnownFileType = folder.assetcatalog; path = Assets.xcassets; sourceTree = "<group>"; };
		4AA6162A2C4F04360077051E /* Preview Assets.xcassets */ = {isa = PBXFileReference; lastKnownFileType = folder.assetcatalog; path = "Preview Assets.xcassets"; sourceTree = "<group>"; };
		4AA616312C5000D00077051E /* CountryModel.swift */ = {isa = PBXFileReference; lastKnownFileType = sourcecode.swift; path = CountryModel.swift; sourceTree = "<group>"; };
		4AA616372C5025D80077051E /* NavigationRouter.swift */ = {isa = PBXFileReference; lastKnownFileType = sourcecode.swift; path = NavigationRouter.swift; sourceTree = "<group>"; };
		4AA616392C502A8A0077051E /* CountryListView.swift */ = {isa = PBXFileReference; lastKnownFileType = sourcecode.swift; path = CountryListView.swift; sourceTree = "<group>"; };
		4AA6163B2C502AAC0077051E /* CountrySearchView.swift */ = {isa = PBXFileReference; lastKnownFileType = sourcecode.swift; path = CountrySearchView.swift; sourceTree = "<group>"; };
		4AA6163D2C502EEF0077051E /* CountryViewModel.swift */ = {isa = PBXFileReference; lastKnownFileType = sourcecode.swift; path = CountryViewModel.swift; sourceTree = "<group>"; };
		4AA6163F2C50377A0077051E /* CountryItemView.swift */ = {isa = PBXFileReference; lastKnownFileType = sourcecode.swift; path = CountryItemView.swift; sourceTree = "<group>"; };
		4AA616432C5077650077051E /* CountryDetailView.swift */ = {isa = PBXFileReference; lastKnownFileType = sourcecode.swift; path = CountryDetailView.swift; sourceTree = "<group>"; };
/* End PBXFileReference section */

/* Begin PBXFrameworksBuildPhase section */
		4AA6161D2C4F04350077051E /* Frameworks */ = {
			isa = PBXFrameworksBuildPhase;
			buildActionMask = 2147483647;
			files = (
			);
			runOnlyForDeploymentPostprocessing = 0;
		};
/* End PBXFrameworksBuildPhase section */

/* Begin PBXGroup section */
		4AA616172C4F04350077051E = {
			isa = PBXGroup;
			children = (
				4AA616222C4F04350077051E /* WeeCompanyApp */,
				4AA616212C4F04350077051E /* Products */,
			);
			sourceTree = "<group>";
		};
		4AA616212C4F04350077051E /* Products */ = {
			isa = PBXGroup;
			children = (
				4AA616202C4F04350077051E /* WeeCompanyApp.app */,
			);
			name = Products;
			sourceTree = "<group>";
		};
		4AA616222C4F04350077051E /* WeeCompanyApp */ = {
			isa = PBXGroup;
			children = (
				4AA616362C5025B30077051E /* Router */,
				4AA616332C50051D0077051E /* Model */,
				4AA616342C50052B0077051E /* View */,
				4AA616352C5005520077051E /* ViewModel */,
				4AA616232C4F04350077051E /* WeeCompanyAppApp.swift */,
				4AA616272C4F04360077051E /* Assets.xcassets */,
				4AA616292C4F04360077051E /* Preview Content */,
			);
			path = WeeCompanyApp;
			sourceTree = "<group>";
		};
		4AA616292C4F04360077051E /* Preview Content */ = {
			isa = PBXGroup;
			children = (
				4AA6162A2C4F04360077051E /* Preview Assets.xcassets */,
			);
			path = "Preview Content";
			sourceTree = "<group>";
		};
		4AA616332C50051D0077051E /* Model */ = {
			isa = PBXGroup;
			children = (
				4AA616312C5000D00077051E /* CountryModel.swift */,
			);
			path = Model;
			sourceTree = "<group>";
		};
		4AA616342C50052B0077051E /* View */ = {
			isa = PBXGroup;
			children = (
				4AA616252C4F04350077051E /* ContentView.swift */,
				4AA616392C502A8A0077051E /* CountryListView.swift */,
				4AA6163B2C502AAC0077051E /* CountrySearchView.swift */,
				4AA6163F2C50377A0077051E /* CountryItemView.swift */,
				4AA616432C5077650077051E /* CountryDetailView.swift */,
			);
			path = View;
			sourceTree = "<group>";
		};
		4AA616352C5005520077051E /* ViewModel */ = {
			isa = PBXGroup;
			children = (
				4AA6163D2C502EEF0077051E /* CountryViewModel.swift */,
			);
			path = ViewModel;
			sourceTree = "<group>";
		};
		4AA616362C5025B30077051E /* Router */ = {
			isa = PBXGroup;
			children = (
				4AA616372C5025D80077051E /* NavigationRouter.swift */,
			);
			path = Router;
			sourceTree = "<group>";
		};
/* End PBXGroup section */

/* Begin PBXNativeTarget section */
		4AA6161F2C4F04350077051E /* WeeCompanyApp */ = {
			isa = PBXNativeTarget;
			buildConfigurationList = 4AA6162E2C4F04360077051E /* Build configuration list for PBXNativeTarget "WeeCompanyApp" */;
			buildPhases = (
				4AA6161C2C4F04350077051E /* Sources */,
				4AA6161D2C4F04350077051E /* Frameworks */,
				4AA6161E2C4F04350077051E /* Resources */,
			);
			buildRules = (
			);
			dependencies = (
			);
			name = WeeCompanyApp;
			productName = WeeCompanyApp;
			productReference = 4AA616202C4F04350077051E /* WeeCompanyApp.app */;
			productType = "com.apple.product-type.application";
		};
/* End PBXNativeTarget section */

/* Begin PBXProject section */
		4AA616182C4F04350077051E /* Project object */ = {
			isa = PBXProject;
			attributes = {
				BuildIndependentTargetsInParallel = 1;
				LastSwiftUpdateCheck = 1540;
				LastUpgradeCheck = 1540;
				TargetAttributes = {
					4AA6161F2C4F04350077051E = {
						CreatedOnToolsVersion = 15.4;
					};
				};
			};
			buildConfigurationList = 4AA6161B2C4F04350077051E /* Build configuration list for PBXProject "WeeCompanyApp" */;
			compatibilityVersion = "Xcode 14.0";
			developmentRegion = en;
			hasScannedForEncodings = 0;
			knownRegions = (
				en,
				Base,
			);
			mainGroup = 4AA616172C4F04350077051E;
			productRefGroup = 4AA616212C4F04350077051E /* Products */;
			projectDirPath = "";
			projectRoot = "";
			targets = (
				4AA6161F2C4F04350077051E /* WeeCompanyApp */,
			);
		};
/* End PBXProject section */

/* Begin PBXResourcesBuildPhase section */
		4AA6161E2C4F04350077051E /* Resources */ = {
			isa = PBXResourcesBuildPhase;
			buildActionMask = 2147483647;
			files = (
				4AA6162B2C4F04360077051E /* Preview Assets.xcassets in Resources */,
				4AA616282C4F04360077051E /* Assets.xcassets in Resources */,
			);
			runOnlyForDeploymentPostprocessing = 0;
		};
/* End PBXResourcesBuildPhase section */

/* Begin PBXSourcesBuildPhase section */
		4AA6161C2C4F04350077051E /* Sources */ = {
			isa = PBXSourcesBuildPhase;
			buildActionMask = 2147483647;
			files = (
				4AA6163A2C502A8A0077051E /* CountryListView.swift in Sources */,
				4AA616262C4F04350077051E /* ContentView.swift in Sources */,
				4AA616242C4F04350077051E /* WeeCompanyAppApp.swift in Sources */,
				4AA616442C5077650077051E /* CountryDetailView.swift in Sources */,
				4AA6163C2C502AAC0077051E /* CountrySearchView.swift in Sources */,
				4AA616382C5025D80077051E /* NavigationRouter.swift in Sources */,
				4AA6163E2C502EEF0077051E /* CountryViewModel.swift in Sources */,
				4AA616402C50377A0077051E /* CountryItemView.swift in Sources */,
				4AA616322C5000D00077051E /* CountryModel.swift in Sources */,
			);
			runOnlyForDeploymentPostprocessing = 0;
		};
/* End PBXSourcesBuildPhase section */

/* Begin XCBuildConfiguration section */
		4AA6162C2C4F04360077051E /* Debug */ = {
			isa = XCBuildConfiguration;
			buildSettings = {
				ALWAYS_SEARCH_USER_PATHS = NO;
				ASSETCATALOG_COMPILER_GENERATE_SWIFT_ASSET_SYMBOL_EXTENSIONS = YES;
				CLANG_ANALYZER_NONNULL = YES;
				CLANG_ANALYZER_NUMBER_OBJECT_CONVERSION = YES_AGGRESSIVE;
				CLANG_CXX_LANGUAGE_STANDARD = "gnu++20";
				CLANG_ENABLE_MODULES = YES;
				CLANG_ENABLE_OBJC_ARC = YES;
				CLANG_ENABLE_OBJC_WEAK = YES;
				CLANG_WARN_BLOCK_CAPTURE_AUTORELEASING = YES;
				CLANG_WARN_BOOL_CONVERSION = YES;
				CLANG_WARN_COMMA = YES;
				CLANG_WARN_CONSTANT_CONVERSION = YES;
				CLANG_WARN_DEPRECATED_OBJC_IMPLEMENTATIONS = YES;
				CLANG_WARN_DIRECT_OBJC_ISA_USAGE = YES_ERROR;
				CLANG_WARN_DOCUMENTATION_COMMENTS = YES;
				CLANG_WARN_EMPTY_BODY = YES;
				CLANG_WARN_ENUM_CONVERSION = YES;
				CLANG_WARN_INFINITE_RECURSION = YES;
				CLANG_WARN_INT_CONVERSION = YES;
				CLANG_WARN_NON_LITERAL_NULL_CONVERSION = YES;
				CLANG_WARN_OBJC_IMPLICIT_RETAIN_SELF = YES;
				CLANG_WARN_OBJC_LITERAL_CONVERSION = YES;
				CLANG_WARN_OBJC_ROOT_CLASS = YES_ERROR;
				CLANG_WARN_QUOTED_INCLUDE_IN_FRAMEWORK_HEADER = YES;
				CLANG_WARN_RANGE_LOOP_ANALYSIS = YES;
				CLANG_WARN_STRICT_PROTOTYPES = YES;
				CLANG_WARN_SUSPICIOUS_MOVE = YES;
				CLANG_WARN_UNGUARDED_AVAILABILITY = YES_AGGRESSIVE;
				CLANG_WARN_UNREACHABLE_CODE = YES;
				CLANG_WARN__DUPLICATE_METHOD_MATCH = YES;
				COPY_PHASE_STRIP = NO;
				DEBUG_INFORMATION_FORMAT = dwarf;
				ENABLE_STRICT_OBJC_MSGSEND = YES;
				ENABLE_TESTABILITY = YES;
				ENABLE_USER_SCRIPT_SANDBOXING = YES;
				GCC_C_LANGUAGE_STANDARD = gnu17;
				GCC_DYNAMIC_NO_PIC = NO;
				GCC_NO_COMMON_BLOCKS = YES;
				GCC_OPTIMIZATION_LEVEL = 0;
				GCC_PREPROCESSOR_DEFINITIONS = (
					"DEBUG=1",
					"$(inherited)",
				);
				GCC_WARN_64_TO_32_BIT_CONVERSION = YES;
				GCC_WARN_ABOUT_RETURN_TYPE = YES_ERROR;
				GCC_WARN_UNDECLARED_SELECTOR = YES;
				GCC_WARN_UNINITIALIZED_AUTOS = YES_AGGRESSIVE;
				GCC_WARN_UNUSED_FUNCTION = YES;
				GCC_WARN_UNUSED_VARIABLE = YES;
				IPHONEOS_DEPLOYMENT_TARGET = 17.5;
				LOCALIZATION_PREFERS_STRING_CATALOGS = YES;
				MTL_ENABLE_DEBUG_INFO = INCLUDE_SOURCE;
				MTL_FAST_MATH = YES;
				ONLY_ACTIVE_ARCH = YES;
				SDKROOT = iphoneos;
				SWIFT_ACTIVE_COMPILATION_CONDITIONS = "DEBUG $(inherited)";
				SWIFT_OPTIMIZATION_LEVEL = "-Onone";
			};
			name = Debug;
		};
		4AA6162D2C4F04360077051E /* Release */ = {
			isa = XCBuildConfiguration;
			buildSettings = {
				ALWAYS_SEARCH_USER_PATHS = NO;
				ASSETCATALOG_COMPILER_GENERATE_SWIFT_ASSET_SYMBOL_EXTENSIONS = YES;
				CLANG_ANALYZER_NONNULL = YES;
				CLANG_ANALYZER_NUMBER_OBJECT_CONVERSION = YES_AGGRESSIVE;
				CLANG_CXX_LANGUAGE_STANDARD = "gnu++20";
				CLANG_ENABLE_MODULES = YES;
				CLANG_ENABLE_OBJC_ARC = YES;
				CLANG_ENABLE_OBJC_WEAK = YES;
				CLANG_WARN_BLOCK_CAPTURE_AUTORELEASING = YES;
				CLANG_WARN_BOOL_CONVERSION = YES;
				CLANG_WARN_COMMA = YES;
				CLANG_WARN_CONSTANT_CONVERSION = YES;
				CLANG_WARN_DEPRECATED_OBJC_IMPLEMENTATIONS = YES;
				CLANG_WARN_DIRECT_OBJC_ISA_USAGE = YES_ERROR;
				CLANG_WARN_DOCUMENTATION_COMMENTS = YES;
				CLANG_WARN_EMPTY_BODY = YES;
				CLANG_WARN_ENUM_CONVERSION = YES;
				CLANG_WARN_INFINITE_RECURSION = YES;
				CLANG_WARN_INT_CONVERSION = YES;
				CLANG_WARN_NON_LITERAL_NULL_CONVERSION = YES;
				CLANG_WARN_OBJC_IMPLICIT_RETAIN_SELF = YES;
				CLANG_WARN_OBJC_LITERAL_CONVERSION = YES;
				CLANG_WARN_OBJC_ROOT_CLASS = YES_ERROR;
				CLANG_WARN_QUOTED_INCLUDE_IN_FRAMEWORK_HEADER = YES;
				CLANG_WARN_RANGE_LOOP_ANALYSIS = YES;
				CLANG_WARN_STRICT_PROTOTYPES = YES;
				CLANG_WARN_SUSPICIOUS_MOVE = YES;
				CLANG_WARN_UNGUARDED_AVAILABILITY = YES_AGGRESSIVE;
				CLANG_WARN_UNREACHABLE_CODE = YES;
				CLANG_WARN__DUPLICATE_METHOD_MATCH = YES;
				COPY_PHASE_STRIP = NO;
				DEBUG_INFORMATION_FORMAT = "dwarf-with-dsym";
				ENABLE_NS_ASSERTIONS = NO;
				ENABLE_STRICT_OBJC_MSGSEND = YES;
				ENABLE_USER_SCRIPT_SANDBOXING = YES;
				GCC_C_LANGUAGE_STANDARD = gnu17;
				GCC_NO_COMMON_BLOCKS = YES;
				GCC_WARN_64_TO_32_BIT_CONVERSION = YES;
				GCC_WARN_ABOUT_RETURN_TYPE = YES_ERROR;
				GCC_WARN_UNDECLARED_SELECTOR = YES;
				GCC_WARN_UNINITIALIZED_AUTOS = YES_AGGRESSIVE;
				GCC_WARN_UNUSED_FUNCTION = YES;
				GCC_WARN_UNUSED_VARIABLE = YES;
				IPHONEOS_DEPLOYMENT_TARGET = 17.5;
				LOCALIZATION_PREFERS_STRING_CATALOGS = YES;
				MTL_ENABLE_DEBUG_INFO = NO;
				MTL_FAST_MATH = YES;
				SDKROOT = iphoneos;
				SWIFT_COMPILATION_MODE = wholemodule;
				VALIDATE_PRODUCT = YES;
			};
			name = Release;
		};
		4AA6162F2C4F04360077051E /* Debug */ = {
			isa = XCBuildConfiguration;
			buildSettings = {
				ASSETCATALOG_COMPILER_APPICON_NAME = AppIcon;
				ASSETCATALOG_COMPILER_GLOBAL_ACCENT_COLOR_NAME = AccentColor;
				CODE_SIGN_STYLE = Automatic;
				CURRENT_PROJECT_VERSION = 1;
				DEVELOPMENT_ASSET_PATHS = "\"WeeCompanyApp/Preview Content\"";
				ENABLE_PREVIEWS = YES;
				GENERATE_INFOPLIST_FILE = YES;
				INFOPLIST_KEY_UIApplicationSceneManifest_Generation = YES;
				INFOPLIST_KEY_UIApplicationSupportsIndirectInputEvents = YES;
				INFOPLIST_KEY_UILaunchScreen_Generation = YES;
				INFOPLIST_KEY_UISupportedInterfaceOrientations_iPad = "UIInterfaceOrientationPortrait UIInterfaceOrientationPortraitUpsideDown UIInterfaceOrientationLandscapeLeft UIInterfaceOrientationLandscapeRight";
				INFOPLIST_KEY_UISupportedInterfaceOrientations_iPhone = "UIInterfaceOrientationPortrait UIInterfaceOrientationLandscapeLeft UIInterfaceOrientationLandscapeRight";
				IPHONEOS_DEPLOYMENT_TARGET = 16.0;
				LD_RUNPATH_SEARCH_PATHS = (
					"$(inherited)",
					"@executable_path/Frameworks",
				);
				MARKETING_VERSION = 1.0;
				PRODUCT_BUNDLE_IDENTIFIER = wee.company.WeeCompanyApp;
				PRODUCT_NAME = "$(TARGET_NAME)";
				SWIFT_EMIT_LOC_STRINGS = YES;
				SWIFT_VERSION = 5.0;
				TARGETED_DEVICE_FAMILY = "1,2";
			};
			name = Debug;
		};
		4AA616302C4F04360077051E /* Release */ = {
			isa = XCBuildConfiguration;
			buildSettings = {
				ASSETCATALOG_COMPILER_APPICON_NAME = AppIcon;
				ASSETCATALOG_COMPILER_GLOBAL_ACCENT_COLOR_NAME = AccentColor;
				CODE_SIGN_STYLE = Automatic;
				CURRENT_PROJECT_VERSION = 1;
				DEVELOPMENT_ASSET_PATHS = "\"WeeCompanyApp/Preview Content\"";
				ENABLE_PREVIEWS = YES;
				GENERATE_INFOPLIST_FILE = YES;
				INFOPLIST_KEY_UIApplicationSceneManifest_Generation = YES;
				INFOPLIST_KEY_UIApplicationSupportsIndirectInputEvents = YES;
				INFOPLIST_KEY_UILaunchScreen_Generation = YES;
				INFOPLIST_KEY_UISupportedInterfaceOrientations_iPad = "UIInterfaceOrientationPortrait UIInterfaceOrientationPortraitUpsideDown UIInterfaceOrientationLandscapeLeft UIInterfaceOrientationLandscapeRight";
				INFOPLIST_KEY_UISupportedInterfaceOrientations_iPhone = "UIInterfaceOrientationPortrait UIInterfaceOrientationLandscapeLeft UIInterfaceOrientationLandscapeRight";
				IPHONEOS_DEPLOYMENT_TARGET = 16.0;
				LD_RUNPATH_SEARCH_PATHS = (
					"$(inherited)",
					"@executable_path/Frameworks",
				);
				MARKETING_VERSION = 1.0;
				PRODUCT_BUNDLE_IDENTIFIER = wee.company.WeeCompanyApp;
				PRODUCT_NAME = "$(TARGET_NAME)";
				SWIFT_EMIT_LOC_STRINGS = YES;
				SWIFT_VERSION = 5.0;
				TARGETED_DEVICE_FAMILY = "1,2";
			};
			name = Release;
		};
/* End XCBuildConfiguration section */

/* Begin XCConfigurationList section */
		4AA6161B2C4F04350077051E /* Build configuration list for PBXProject "WeeCompanyApp" */ = {
			isa = XCConfigurationList;
			buildConfigurations = (
				4AA6162C2C4F04360077051E /* Debug */,
				4AA6162D2C4F04360077051E /* Release */,
			);
			defaultConfigurationIsVisible = 0;
			defaultConfigurationName = Release;
		};
		4AA6162E2C4F04360077051E /* Build configuration list for PBXNativeTarget "WeeCompanyApp" */ = {
			isa = XCConfigurationList;
			buildConfigurations = (
				4AA6162F2C4F04360077051E /* Debug */,
				4AA616302C4F04360077051E /* Release */,
			);
			defaultConfigurationIsVisible = 0;
			defaultConfigurationName = Release;
		};
/* End XCConfigurationList section */
	};
	rootObject = 4AA616182C4F04350077051E /* Project object */;
}
